// !$*UTF8*$!
{
	archiveVersion = 1;
	classes = {
	};
	objectVersion = 50;
	objects = {

/* Begin PBXBuildFile section */
		028F2BFB20934F5000D392E6 /* AppDelegate.swift in Sources */ = {isa = PBXBuildFile; fileRef = 028F2BFA20934F5000D392E6 /* AppDelegate.swift */; };
		028F2BFD20934F5000D392E6 /* ViewController.swift in Sources */ = {isa = PBXBuildFile; fileRef = 028F2BFC20934F5000D392E6 /* ViewController.swift */; };
		028F2C0020934F5000D392E6 /* Main.storyboard in Resources */ = {isa = PBXBuildFile; fileRef = 028F2BFE20934F5000D392E6 /* Main.storyboard */; };
		028F2C0220934F5200D392E6 /* Assets.xcassets in Resources */ = {isa = PBXBuildFile; fileRef = 028F2C0120934F5200D392E6 /* Assets.xcassets */; };
		028F2C0520934F5200D392E6 /* LaunchScreen.storyboard in Resources */ = {isa = PBXBuildFile; fileRef = 028F2C0320934F5200D392E6 /* LaunchScreen.storyboard */; };
		028F2C1020934F5200D392E6 /* Tic_Tac_ToeTests.swift in Sources */ = {isa = PBXBuildFile; fileRef = 028F2C0F20934F5200D392E6 /* Tic_Tac_ToeTests.swift */; };
		028F2C1B20934F5200D392E6 /* Tic_Tac_ToeUITests.swift in Sources */ = {isa = PBXBuildFile; fileRef = 028F2C1A20934F5200D392E6 /* Tic_Tac_ToeUITests.swift */; };
/* End PBXBuildFile section */

/* Begin PBXContainerItemProxy section */
		028F2C0C20934F5200D392E6 /* PBXContainerItemProxy */ = {
			isa = PBXContainerItemProxy;
			containerPortal = 028F2BEF20934F5000D392E6 /* Project object */;
			proxyType = 1;
			remoteGlobalIDString = 028F2BF620934F5000D392E6;
			remoteInfo = "Tic Tac Toe";
		};
		028F2C1720934F5200D392E6 /* PBXContainerItemProxy */ = {
			isa = PBXContainerItemProxy;
			containerPortal = 028F2BEF20934F5000D392E6 /* Project object */;
			proxyType = 1;
			remoteGlobalIDString = 028F2BF620934F5000D392E6;
			remoteInfo = "Tic Tac Toe";
		};
/* End PBXContainerItemProxy section */

/* Begin PBXFileReference section */
		028F2BF720934F5000D392E6 /* Tic Tac Toe.app */ = {isa = PBXFileReference; explicitFileType = wrapper.application; includeInIndex = 0; path = "Tic Tac Toe.app"; sourceTree = BUILT_PRODUCTS_DIR; };
		028F2BFA20934F5000D392E6 /* AppDelegate.swift */ = {isa = PBXFileReference; lastKnownFileType = sourcecode.swift; path = AppDelegate.swift; sourceTree = "<group>"; };
		028F2BFC20934F5000D392E6 /* ViewController.swift */ = {isa = PBXFileReference; lastKnownFileType = sourcecode.swift; path = ViewController.swift; sourceTree = "<group>"; };
		028F2BFF20934F5000D392E6 /* Base */ = {isa = PBXFileReference; lastKnownFileType = file.storyboard; name = Base; path = Base.lproj/Main.storyboard; sourceTree = "<group>"; };
		028F2C0120934F5200D392E6 /* Assets.xcassets */ = {isa = PBXFileReference; lastKnownFileType = folder.assetcatalog; path = Assets.xcassets; sourceTree = "<group>"; };
		028F2C0420934F5200D392E6 /* Base */ = {isa = PBXFileReference; lastKnownFileType = file.storyboard; name = Base; path = Base.lproj/LaunchScreen.storyboard; sourceTree = "<group>"; };
		028F2C0620934F5200D392E6 /* Info.plist */ = {isa = PBXFileReference; lastKnownFileType = text.plist.xml; path = Info.plist; sourceTree = "<group>"; };
		028F2C0B20934F5200D392E6 /* Tic Tac ToeTests.xctest */ = {isa = PBXFileReference; explicitFileType = wrapper.cfbundle; includeInIndex = 0; path = "Tic Tac ToeTests.xctest"; sourceTree = BUILT_PRODUCTS_DIR; };
		028F2C0F20934F5200D392E6 /* Tic_Tac_ToeTests.swift */ = {isa = PBXFileReference; lastKnownFileType = sourcecode.swift; path = Tic_Tac_ToeTests.swift; sourceTree = "<group>"; };
		028F2C1120934F5200D392E6 /* Info.plist */ = {isa = PBXFileReference; lastKnownFileType = text.plist.xml; path = Info.plist; sourceTree = "<group>"; };
		028F2C1620934F5200D392E6 /* Tic Tac ToeUITests.xctest */ = {isa = PBXFileReference; explicitFileType = wrapper.cfbundle; includeInIndex = 0; path = "Tic Tac ToeUITests.xctest"; sourceTree = BUILT_PRODUCTS_DIR; };
		028F2C1A20934F5200D392E6 /* Tic_Tac_ToeUITests.swift */ = {isa = PBXFileReference; lastKnownFileType = sourcecode.swift; path = Tic_Tac_ToeUITests.swift; sourceTree = "<group>"; };
		028F2C1C20934F5200D392E6 /* Info.plist */ = {isa = PBXFileReference; lastKnownFileType = text.plist.xml; path = Info.plist; sourceTree = "<group>"; };
/* End PBXFileReference section */

/* Begin PBXFrameworksBuildPhase section */
		028F2BF420934F5000D392E6 /* Frameworks */ = {
			isa = PBXFrameworksBuildPhase;
			buildActionMask = 2147483647;
			files = (
			);
			runOnlyForDeploymentPostprocessing = 0;
		};
		028F2C0820934F5200D392E6 /* Frameworks */ = {
			isa = PBXFrameworksBuildPhase;
			buildActionMask = 2147483647;
			files = (
			);
			runOnlyForDeploymentPostprocessing = 0;
		};
		028F2C1320934F5200D392E6 /* Frameworks */ = {
			isa = PBXFrameworksBuildPhase;
			buildActionMask = 2147483647;
			files = (
			);
			runOnlyForDeploymentPostprocessing = 0;
		};
/* End PBXFrameworksBuildPhase section */

/* Begin PBXGroup section */
		028F2BEE20934F5000D392E6 = {
			isa = PBXGroup;
			children = (
				028F2BF920934F5000D392E6 /* Tic Tac Toe */,
				028F2C0E20934F5200D392E6 /* Tic Tac ToeTests */,
				028F2C1920934F5200D392E6 /* Tic Tac ToeUITests */,
				028F2BF820934F5000D392E6 /* Products */,
			);
			sourceTree = "<group>";
		};
		028F2BF820934F5000D392E6 /* Products */ = {
			isa = PBXGroup;
			children = (
				028F2BF720934F5000D392E6 /* Tic Tac Toe.app */,
				028F2C0B20934F5200D392E6 /* Tic Tac ToeTests.xctest */,
				028F2C1620934F5200D392E6 /* Tic Tac ToeUITests.xctest */,
			);
			name = Products;
			sourceTree = "<group>";
		};
		028F2BF920934F5000D392E6 /* Tic Tac Toe */ = {
			isa = PBXGroup;
			children = (
				028F2BFA20934F5000D392E6 /* AppDelegate.swift */,
				028F2BFC20934F5000D392E6 /* ViewController.swift */,
				028F2BFE20934F5000D392E6 /* Main.storyboard */,
				028F2C0120934F5200D392E6 /* Assets.xcassets */,
				028F2C0320934F5200D392E6 /* LaunchScreen.storyboard */,
				028F2C0620934F5200D392E6 /* Info.plist */,
			);
			path = "Tic Tac Toe";
			sourceTree = "<group>";
		};
		028F2C0E20934F5200D392E6 /* Tic Tac ToeTests */ = {
			isa = PBXGroup;
			children = (
				028F2C0F20934F5200D392E6 /* Tic_Tac_ToeTests.swift */,
				028F2C1120934F5200D392E6 /* Info.plist */,
			);
			path = "Tic Tac ToeTests";
			sourceTree = "<group>";
		};
		028F2C1920934F5200D392E6 /* Tic Tac ToeUITests */ = {
			isa = PBXGroup;
			children = (
				028F2C1A20934F5200D392E6 /* Tic_Tac_ToeUITests.swift */,
				028F2C1C20934F5200D392E6 /* Info.plist */,
			);
			path = "Tic Tac ToeUITests";
			sourceTree = "<group>";
		};
/* End PBXGroup section */

/* Begin PBXNativeTarget section */
		028F2BF620934F5000D392E6 /* Tic Tac Toe */ = {
			isa = PBXNativeTarget;
			buildConfigurationList = 028F2C1F20934F5200D392E6 /* Build configuration list for PBXNativeTarget "Tic Tac Toe" */;
			buildPhases = (
				028F2BF320934F5000D392E6 /* Sources */,
				028F2BF420934F5000D392E6 /* Frameworks */,
				028F2BF520934F5000D392E6 /* Resources */,
			);
			buildRules = (
			);
			dependencies = (
			);
			name = "Tic Tac Toe";
			productName = "Tic Tac Toe";
			productReference = 028F2BF720934F5000D392E6 /* Tic Tac Toe.app */;
			productType = "com.apple.product-type.application";
		};
		028F2C0A20934F5200D392E6 /* Tic Tac ToeTests */ = {
			isa = PBXNativeTarget;
			buildConfigurationList = 028F2C2220934F5200D392E6 /* Build configuration list for PBXNativeTarget "Tic Tac ToeTests" */;
			buildPhases = (
				028F2C0720934F5200D392E6 /* Sources */,
				028F2C0820934F5200D392E6 /* Frameworks */,
				028F2C0920934F5200D392E6 /* Resources */,
			);
			buildRules = (
			);
			dependencies = (
				028F2C0D20934F5200D392E6 /* PBXTargetDependency */,
			);
			name = "Tic Tac ToeTests";
			productName = "Tic Tac ToeTests";
			productReference = 028F2C0B20934F5200D392E6 /* Tic Tac ToeTests.xctest */;
			productType = "com.apple.product-type.bundle.unit-test";
		};
		028F2C1520934F5200D392E6 /* Tic Tac ToeUITests */ = {
			isa = PBXNativeTarget;
			buildConfigurationList = 028F2C2520934F5200D392E6 /* Build configuration list for PBXNativeTarget "Tic Tac ToeUITests" */;
			buildPhases = (
				028F2C1220934F5200D392E6 /* Sources */,
				028F2C1320934F5200D392E6 /* Frameworks */,
				028F2C1420934F5200D392E6 /* Resources */,
			);
			buildRules = (
			);
			dependencies = (
				028F2C1820934F5200D392E6 /* PBXTargetDependency */,
			);
			name = "Tic Tac ToeUITests";
			productName = "Tic Tac ToeUITests";
			productReference = 028F2C1620934F5200D392E6 /* Tic Tac ToeUITests.xctest */;
			productType = "com.apple.product-type.bundle.ui-testing";
		};
/* End PBXNativeTarget section */

/* Begin PBXProject section */
		028F2BEF20934F5000D392E6 /* Project object */ = {
			isa = PBXProject;
			attributes = {
				LastSwiftUpdateCheck = 0930;
				LastUpgradeCheck = 0930;
				ORGANIZATIONNAME = "曽根大輔";
				TargetAttributes = {
					028F2BF620934F5000D392E6 = {
						CreatedOnToolsVersion = 9.3;
					};
					028F2C0A20934F5200D392E6 = {
						CreatedOnToolsVersion = 9.3;
						TestTargetID = 028F2BF620934F5000D392E6;
					};
					028F2C1520934F5200D392E6 = {
						CreatedOnToolsVersion = 9.3;
						TestTargetID = 028F2BF620934F5000D392E6;
					};
				};
			};
			buildConfigurationList = 028F2BF220934F5000D392E6 /* Build configuration list for PBXProject "Tic Tac Toe" */;
			compatibilityVersion = "Xcode 9.3";
			developmentRegion = en;
			hasScannedForEncodings = 0;
			knownRegions = (
				en,
				Base,
			);
			mainGroup = 028F2BEE20934F5000D392E6;
			productRefGroup = 028F2BF820934F5000D392E6 /* Products */;
			projectDirPath = "";
			projectRoot = "";
			targets = (
				028F2BF620934F5000D392E6 /* Tic Tac Toe */,
				028F2C0A20934F5200D392E6 /* Tic Tac ToeTests */,
				028F2C1520934F5200D392E6 /* Tic Tac ToeUITests */,
			);
		};
/* End PBXProject section */

/* Begin PBXResourcesBuildPhase section */
		028F2BF520934F5000D392E6 /* Resources */ = {
			isa = PBXResourcesBuildPhase;
			buildActionMask = 2147483647;
			files = (
				028F2C0520934F5200D392E6 /* LaunchScreen.storyboard in Resources */,
				028F2C0220934F5200D392E6 /* Assets.xcassets in Resources */,
				028F2C0020934F5000D392E6 /* Main.storyboard in Resources */,
			);
			runOnlyForDeploymentPostprocessing = 0;
		};
		028F2C0920934F5200D392E6 /* Resources */ = {
			isa = PBXResourcesBuildPhase;
			buildActionMask = 2147483647;
			files = (
			);
			runOnlyForDeploymentPostprocessing = 0;
		};
		028F2C1420934F5200D392E6 /* Resources */ = {
			isa = PBXResourcesBuildPhase;
			buildActionMask = 2147483647;
			files = (
			);
			runOnlyForDeploymentPostprocessing = 0;
		};
/* End PBXResourcesBuildPhase section */

/* Begin PBXSourcesBuildPhase section */
		028F2BF320934F5000D392E6 /* Sources */ = {
			isa = PBXSourcesBuildPhase;
			buildActionMask = 2147483647;
			files = (
				028F2BFD20934F5000D392E6 /* ViewController.swift in Sources */,
				028F2BFB20934F5000D392E6 /* AppDelegate.swift in Sources */,
			);
			runOnlyForDeploymentPostprocessing = 0;
		};
		028F2C0720934F5200D392E6 /* Sources */ = {
			isa = PBXSourcesBuildPhase;
			buildActionMask = 2147483647;
			files = (
				028F2C1020934F5200D392E6 /* Tic_Tac_ToeTests.swift in Sources */,
			);
			runOnlyForDeploymentPostprocessing = 0;
		};
		028F2C1220934F5200D392E6 /* Sources */ = {
			isa = PBXSourcesBuildPhase;
			buildActionMask = 2147483647;
			files = (
				028F2C1B20934F5200D392E6 /* Tic_Tac_ToeUITests.swift in Sources */,
			);
			runOnlyForDeploymentPostprocessing = 0;
		};
/* End PBXSourcesBuildPhase section */

/* Begin PBXTargetDependency section */
		028F2C0D20934F5200D392E6 /* PBXTargetDependency */ = {
			isa = PBXTargetDependency;
			target = 028F2BF620934F5000D392E6 /* Tic Tac Toe */;
			targetProxy = 028F2C0C20934F5200D392E6 /* PBXContainerItemProxy */;
		};
		028F2C1820934F5200D392E6 /* PBXTargetDependency */ = {
			isa = PBXTargetDependency;
			target = 028F2BF620934F5000D392E6 /* Tic Tac Toe */;
			targetProxy = 028F2C1720934F5200D392E6 /* PBXContainerItemProxy */;
		};
/* End PBXTargetDependency section */

/* Begin PBXVariantGroup section */
		028F2BFE20934F5000D392E6 /* Main.storyboard */ = {
			isa = PBXVariantGroup;
			children = (
				028F2BFF20934F5000D392E6 /* Base */,
			);
			name = Main.storyboard;
			sourceTree = "<group>";
		};
		028F2C0320934F5200D392E6 /* LaunchScreen.storyboard */ = {
			isa = PBXVariantGroup;
			children = (
				028F2C0420934F5200D392E6 /* Base */,
			);
			name = LaunchScreen.storyboard;
			sourceTree = "<group>";
		};
/* End PBXVariantGroup section */

/* Begin XCBuildConfiguration section */
		028F2C1D20934F5200D392E6 /* Debug */ = {
			isa = XCBuildConfiguration;
			buildSettings = {
				ALWAYS_SEARCH_USER_PATHS = NO;
				CLANG_ANALYZER_NONNULL = YES;
				CLANG_ANALYZER_NUMBER_OBJECT_CONVERSION = YES_AGGRESSIVE;
				CLANG_CXX_LANGUAGE_STANDARD = "gnu++14";
				CLANG_CXX_LIBRARY = "libc++";
				CLANG_ENABLE_MODULES = YES;
				CLANG_ENABLE_OBJC_ARC = YES;
				CLANG_ENABLE_OBJC_WEAK = YES;
				CLANG_WARN_BLOCK_CAPTURE_AUTORELEASING = YES;
				CLANG_WARN_BOOL_CONVERSION = YES;
				CLANG_WARN_COMMA = YES;
				CLANG_WARN_CONSTANT_CONVERSION = YES;
				CLANG_WARN_DEPRECATED_OBJC_IMPLEMENTATIONS = YES;
				CLANG_WARN_DIRECT_OBJC_ISA_USAGE = YES_ERROR;
				CLANG_WARN_DOCUMENTATION_COMMENTS = YES;
				CLANG_WARN_EMPTY_BODY = YES;
				CLANG_WARN_ENUM_CONVERSION = YES;
				CLANG_WARN_INFINITE_RECURSION = YES;
				CLANG_WARN_INT_CONVERSION = YES;
				CLANG_WARN_NON_LITERAL_NULL_CONVERSION = YES;
				CLANG_WARN_OBJC_IMPLICIT_RETAIN_SELF = YES;
				CLANG_WARN_OBJC_LITERAL_CONVERSION = YES;
				CLANG_WARN_OBJC_ROOT_CLASS = YES_ERROR;
				CLANG_WARN_RANGE_LOOP_ANALYSIS = YES;
				CLANG_WARN_STRICT_PROTOTYPES = YES;
				CLANG_WARN_SUSPICIOUS_MOVE = YES;
				CLANG_WARN_UNGUARDED_AVAILABILITY = YES_AGGRESSIVE;
				CLANG_WARN_UNREACHABLE_CODE = YES;
				CLANG_WARN__DUPLICATE_METHOD_MATCH = YES;
				CODE_SIGN_IDENTITY = "iPhone Developer";
				COPY_PHASE_STRIP = NO;
				DEBUG_INFORMATION_FORMAT = dwarf;
				ENABLE_STRICT_OBJC_MSGSEND = YES;
				ENABLE_TESTABILITY = YES;
				GCC_C_LANGUAGE_STANDARD = gnu11;
				GCC_DYNAMIC_NO_PIC = NO;
				GCC_NO_COMMON_BLOCKS = YES;
				GCC_OPTIMIZATION_LEVEL = 0;
				GCC_PREPROCESSOR_DEFINITIONS = (
					"DEBUG=1",
					"$(inherited)",
				);
				GCC_WARN_64_TO_32_BIT_CONVERSION = YES;
				GCC_WARN_ABOUT_RETURN_TYPE = YES_ERROR;
				GCC_WARN_UNDECLARED_SELECTOR = YES;
				GCC_WARN_UNINITIALIZED_AUTOS = YES_AGGRESSIVE;
				GCC_WARN_UNUSED_FUNCTION = YES;
				GCC_WARN_UNUSED_VARIABLE = YES;
				IPHONEOS_DEPLOYMENT_TARGET = 11.3;
				MTL_ENABLE_DEBUG_INFO = YES;
				ONLY_ACTIVE_ARCH = YES;
				SDKROOT = iphoneos;
				SWIFT_ACTIVE_COMPILATION_CONDITIONS = DEBUG;
				SWIFT_OPTIMIZATION_LEVEL = "-Onone";
			};
			name = Debug;
		};
		028F2C1E20934F5200D392E6 /* Release */ = {
			isa = XCBuildConfiguration;
			buildSettings = {
				ALWAYS_SEARCH_USER_PATHS = NO;
				CLANG_ANALYZER_NONNULL = YES;
				CLANG_ANALYZER_NUMBER_OBJECT_CONVERSION = YES_AGGRESSIVE;
				CLANG_CXX_LANGUAGE_STANDARD = "gnu++14";
				CLANG_CXX_LIBRARY = "libc++";
				CLANG_ENABLE_MODULES = YES;
				CLANG_ENABLE_OBJC_ARC = YES;
				CLANG_ENABLE_OBJC_WEAK = YES;
				CLANG_WARN_BLOCK_CAPTURE_AUTORELEASING = YES;
				CLANG_WARN_BOOL_CONVERSION = YES;
				CLANG_WARN_COMMA = YES;
				CLANG_WARN_CONSTANT_CONVERSION = YES;
				CLANG_WARN_DEPRECATED_OBJC_IMPLEMENTATIONS = YES;
				CLANG_WARN_DIRECT_OBJC_ISA_USAGE = YES_ERROR;
				CLANG_WARN_DOCUMENTATION_COMMENTS = YES;
				CLANG_WARN_EMPTY_BODY = YES;
				CLANG_WARN_ENUM_CONVERSION = YES;
				CLANG_WARN_INFINITE_RECURSION = YES;
				CLANG_WARN_INT_CONVERSION = YES;
				CLANG_WARN_NON_LITERAL_NULL_CONVERSION = YES;
				CLANG_WARN_OBJC_IMPLICIT_RETAIN_SELF = YES;
				CLANG_WARN_OBJC_LITERAL_CONVERSION = YES;
				CLANG_WARN_OBJC_ROOT_CLASS = YES_ERROR;
				CLANG_WARN_RANGE_LOOP_ANALYSIS = YES;
				CLANG_WARN_STRICT_PROTOTYPES = YES;
				CLANG_WARN_SUSPICIOUS_MOVE = YES;
				CLANG_WARN_UNGUARDED_AVAILABILITY = YES_AGGRESSIVE;
				CLANG_WARN_UNREACHABLE_CODE = YES;
				CLANG_WARN__DUPLICATE_METHOD_MATCH = YES;
				CODE_SIGN_IDENTITY = "iPhone Developer";
				COPY_PHASE_STRIP = NO;
				DEBUG_INFORMATION_FORMAT = "dwarf-with-dsym";
				ENABLE_NS_ASSERTIONS = NO;
				ENABLE_STRICT_OBJC_MSGSEND = YES;
				GCC_C_LANGUAGE_STANDARD = gnu11;
				GCC_NO_COMMON_BLOCKS = YES;
				GCC_WARN_64_TO_32_BIT_CONVERSION = YES;
				GCC_WARN_ABOUT_RETURN_TYPE = YES_ERROR;
				GCC_WARN_UNDECLARED_SELECTOR = YES;
				GCC_WARN_UNINITIALIZED_AUTOS = YES_AGGRESSIVE;
				GCC_WARN_UNUSED_FUNCTION = YES;
				GCC_WARN_UNUSED_VARIABLE = YES;
				IPHONEOS_DEPLOYMENT_TARGET = 11.3;
				MTL_ENABLE_DEBUG_INFO = NO;
				SDKROOT = iphoneos;
				SWIFT_COMPILATION_MODE = wholemodule;
				SWIFT_OPTIMIZATION_LEVEL = "-O";
				VALIDATE_PRODUCT = YES;
			};
			name = Release;
		};
		028F2C2020934F5200D392E6 /* Debug */ = {
			isa = XCBuildConfiguration;
			buildSettings = {
				ASSETCATALOG_COMPILER_APPICON_NAME = AppIcon;
				CODE_SIGN_STYLE = Automatic;
				DEVELOPMENT_TEAM = PMQ762YM5Y;
				INFOPLIST_FILE = "Tic Tac Toe/Info.plist";
				LD_RUNPATH_SEARCH_PATHS = (
					"$(inherited)",
					"@executable_path/Frameworks",
				);
				PRODUCT_BUNDLE_IDENTIFIER = "com.litech.Tic-Tac-Toe";
				PRODUCT_NAME = "$(TARGET_NAME)";
				SWIFT_VERSION = 4.0;
				TARGETED_DEVICE_FAMILY = "1,2";
			};
			name = Debug;
		};
		028F2C2120934F5200D392E6 /* Release */ = {
			isa = XCBuildConfiguration;
			buildSettings = {
				ASSETCATALOG_COMPILER_APPICON_NAME = AppIcon;
				CODE_SIGN_STYLE = Automatic;
				DEVELOPMENT_TEAM = PMQ762YM5Y;
				INFOPLIST_FILE = "Tic Tac Toe/Info.plist";
				LD_RUNPATH_SEARCH_PATHS = (
					"$(inherited)",
					"@executable_path/Frameworks",
				);
				PRODUCT_BUNDLE_IDENTIFIER = "com.litech.Tic-Tac-Toe";
				PRODUCT_NAME = "$(TARGET_NAME)";
				SWIFT_VERSION = 4.0;
				TARGETED_DEVICE_FAMILY = "1,2";
			};
			name = Release;
		};
		028F2C2320934F5200D392E6 /* Debug */ = {
			isa = XCBuildConfiguration;
			buildSettings = {
				ALWAYS_EMBED_SWIFT_STANDARD_LIBRARIES = YES;
				BUNDLE_LOADER = "$(TEST_HOST)";
				CODE_SIGN_STYLE = Automatic;
				DEVELOPMENT_TEAM = PMQ762YM5Y;
				INFOPLIST_FILE = "Tic Tac ToeTests/Info.plist";
				LD_RUNPATH_SEARCH_PATHS = (
					"$(inherited)",
					"@executable_path/Frameworks",
					"@loader_path/Frameworks",
				);
				PRODUCT_BUNDLE_IDENTIFIER = "com.litech.Tic-Tac-ToeTests";
				PRODUCT_NAME = "$(TARGET_NAME)";
				SWIFT_VERSION = 4.0;
				TARGETED_DEVICE_FAMILY = "1,2";
				TEST_HOST = "$(BUILT_PRODUCTS_DIR)/Tic Tac Toe.app/Tic Tac Toe";
			};
			name = Debug;
		};
		028F2C2420934F5200D392E6 /* Release */ = {
			isa = XCBuildConfiguration;
			buildSettings = {
				ALWAYS_EMBED_SWIFT_STANDARD_LIBRARIES = YES;
				BUNDLE_LOADER = "$(TEST_HOST)";
				CODE_SIGN_STYLE = Automatic;
				DEVELOPMENT_TEAM = PMQ762YM5Y;
				INFOPLIST_FILE = "Tic Tac ToeTests/Info.plist";
				LD_RUNPATH_SEARCH_PATHS = (
					"$(inherited)",
					"@executable_path/Frameworks",
					"@loader_path/Frameworks",
				);
				PRODUCT_BUNDLE_IDENTIFIER = "com.litech.Tic-Tac-ToeTests";
				PRODUCT_NAME = "$(TARGET_NAME)";
				SWIFT_VERSION = 4.0;
				TARGETED_DEVICE_FAMILY = "1,2";
				TEST_HOST = "$(BUILT_PRODUCTS_DIR)/Tic Tac Toe.app/Tic Tac Toe";
			};
			name = Release;
		};
		028F2C2620934F5200D392E6 /* Debug */ = {
			isa = XCBuildConfiguration;
			buildSettings = {
				ALWAYS_EMBED_SWIFT_STANDARD_LIBRARIES = YES;
				CODE_SIGN_STYLE = Automatic;
				DEVELOPMENT_TEAM = PMQ762YM5Y;
				INFOPLIST_FILE = "Tic Tac ToeUITests/Info.plist";
				LD_RUNPATH_SEARCH_PATHS = (
					"$(inherited)",
					"@executable_path/Frameworks",
					"@loader_path/Frameworks",
				);
				PRODUCT_BUNDLE_IDENTIFIER = "com.litech.Tic-Tac-ToeUITests";
				PRODUCT_NAME = "$(TARGET_NAME)";
				SWIFT_VERSION = 4.0;
				TARGETED_DEVICE_FAMILY = "1,2";
				TEST_TARGET_NAME = "Tic Tac Toe";
			};
			name = Debug;
		};
		028F2C2720934F5200D392E6 /* Release */ = {
			isa = XCBuildConfiguration;
			buildSettings = {
				ALWAYS_EMBED_SWIFT_STANDARD_LIBRARIES = YES;
				CODE_SIGN_STYLE = Automatic;
				DEVELOPMENT_TEAM = PMQ762YM5Y;
				INFOPLIST_FILE = "Tic Tac ToeUITests/Info.plist";
				LD_RUNPATH_SEARCH_PATHS = (
					"$(inherited)",
					"@executable_path/Frameworks",
					"@loader_path/Frameworks",
				);
				PRODUCT_BUNDLE_IDENTIFIER = "com.litech.Tic-Tac-ToeUITests";
				PRODUCT_NAME = "$(TARGET_NAME)";
				SWIFT_VERSION = 4.0;
				TARGETED_DEVICE_FAMILY = "1,2";
				TEST_TARGET_NAME = "Tic Tac Toe";
			};
			name = Release;
		};
/* End XCBuildConfiguration section */

/* Begin XCConfigurationList section */
		028F2BF220934F5000D392E6 /* Build configuration list for PBXProject "Tic Tac Toe" */ = {
			isa = XCConfigurationList;
			buildConfigurations = (
				028F2C1D20934F5200D392E6 /* Debug */,
				028F2C1E20934F5200D392E6 /* Release */,
			);
			defaultConfigurationIsVisible = 0;
			defaultConfigurationName = Release;
		};
		028F2C1F20934F5200D392E6 /* Build configuration list for PBXNativeTarget "Tic Tac Toe" */ = {
			isa = XCConfigurationList;
			buildConfigurations = (
				028F2C2020934F5200D392E6 /* Debug */,
				028F2C2120934F5200D392E6 /* Release */,
			);
			defaultConfigurationIsVisible = 0;
			defaultConfigurationName = Release;
		};
		028F2C2220934F5200D392E6 /* Build configuration list for PBXNativeTarget "Tic Tac ToeTests" */ = {
			isa = XCConfigurationList;
			buildConfigurations = (
				028F2C2320934F5200D392E6 /* Debug */,
				028F2C2420934F5200D392E6 /* Release */,
			);
			defaultConfigurationIsVisible = 0;
			defaultConfigurationName = Release;
		};
		028F2C2520934F5200D392E6 /* Build configuration list for PBXNativeTarget "Tic Tac ToeUITests" */ = {
			isa = XCConfigurationList;
			buildConfigurations = (
				028F2C2620934F5200D392E6 /* Debug */,
				028F2C2720934F5200D392E6 /* Release */,
			);
			defaultConfigurationIsVisible = 0;
			defaultConfigurationName = Release;
		};
/* End XCConfigurationList section */
	};
	rootObject = 028F2BEF20934F5000D392E6 /* Project object */;
}
